
Microsoft Visual Studio Solution File, Format Version 12.00
# Visual Studio Version 17
VisualStudioVersion = 17.0.31903.59
MinimumVisualStudioVersion = 10.0.40219.1
Project("{FAE04EC0-301F-11D3-BF4B-00C04F79EFBC}") = "ModernOverlay", "src\ModernOverlay\ModernOverlay.csproj", "{79DB601D-3CC0-49DF-A48F-165B1E1D9FE8}"
EndProject
Project("{FAE04EC0-301F-11D3-BF4B-00C04F79EFBC}") = "ModernOverlay.Win32", "src\ModernOverlay.Win32\ModernOverlay.Win32.csproj", "{6D9698CB-E5A9-4774-BB48-B09E88A4206F}"
EndProject
Project("{FAE04EC0-301F-11D3-BF4B-00C04F79EFBC}") = "BasicOverlay", "samples\BasicOverlay\BasicOverlay.csproj", "{B2D921B8-1C3C-497F-8FC7-51C32A2703F1}"
EndProject
Project("{FAE04EC0-301F-11D3-BF4B-00C04F79EFBC}") = "StickyTargetOverlay", "samples\StickyTargetOverlay\StickyTargetOverlay.csproj", "{A37E0F0E-7F7B-4F63-9F4B-4F196D635660}"
EndProject
Project("{FAE04EC0-301F-11D3-BF4B-00C04F79EFBC}") = "ShapesOverlay", "samples\ShapesOverlay\ShapesOverlay.csproj", "{CD7950D7-1F86-4387-9AE2-C433B74036B7}"
EndProject
Project("{FAE04EC0-301F-11D3-BF4B-00C04F79EFBC}") = "TextLayoutOverlay", "samples\TextLayoutOverlay\TextLayoutOverlay.csproj", "{8F95C7A1-069E-46E9-B1CB-D4379BCA2ACD}"
EndProject
Project("{FAE04EC0-301F-11D3-BF4B-00C04F79EFBC}") = "DiagnosticsOverlay", "samples\DiagnosticsOverlay\DiagnosticsOverlay.csproj", "{F4C59C03-1AFD-408F-8928-831FD6B3DE06}"
EndProject
Project("{FAE04EC0-301F-11D3-BF4B-00C04F79EFBC}") = "InputModeOverlay", "samples\InputModeOverlay\InputModeOverlay.csproj", "{D2D16B6A-2DDF-4D42-98D5-F9940785E11E}"
EndProject
Project("{FAE04EC0-301F-11D3-BF4B-00C04F79EFBC}") = "HotkeyOverlay", "samples\HotkeyOverlay\HotkeyOverlay.csproj", "{4AB5543F-5F7E-49E1-AC04-9DC8528CD0C6}"
EndProject
Project("{FAE04EC0-301F-11D3-BF4B-00C04F79EFBC}") = "TransparencyValidationOverlay", "samples\TransparencyValidationOverlay\TransparencyValidationOverlay.csproj", "{69DAA0C1-831D-4AF3-91E8-AC48E16A8333}"
EndProject
Project("{FAE04EC0-301F-11D3-BF4B-00C04F79EFBC}") = "ImageOverlay", "samples\ImageOverlay\ImageOverlay.csproj", "{2E0DD396-37A2-4B9D-9B9F-45DB0669B3E8}"
EndProject
Project("{FAE04EC0-301F-11D3-BF4B-00C04F79EFBC}") = "ModernOverlay.Direct2D", "src\ModernOverlay.Direct2D\ModernOverlay.Direct2D.csproj", "{77196EF2-F1F8-4A76-9C60-D705F8EF2A64}"
EndProject
Project("{FAE04EC0-301F-11D3-BF4B-00C04F79EFBC}") = "ModernOverlay.Diagnostics", "src\ModernOverlay.Diagnostics\ModernOverlay.Diagnostics.csproj", "{6B015459-AA65-49A8-8B7F-1C8CBCA9B09A}"
EndProject
Project("{FAE04EC0-301F-11D3-BF4B-00C04F79EFBC}") = "ModernOverlay.Tests", "tests\ModernOverlay.Tests\ModernOverlay.Tests.csproj", "{DB862A14-80EF-46F3-AAA7-39DF29B4A8BF}"
EndProject
Project("{FAE04EC0-301F-11D3-BF4B-00C04F79EFBC}") = "ModernOverlay.Benchmarks", "benchmarks\ModernOverlay.Benchmarks\ModernOverlay.Benchmarks.csproj", "{31580B80-87CE-4D43-A15A-08B650AE2E26}"
EndProject
Project("{FAE04EC0-301F-11D3-BF4B-00C04F79EFBC}") = "StickyWindowOverlay", "samples\StickyWindowOverlay\StickyWindowOverlay.csproj", "{6839B032-19F5-4D84-9A49-397AEAB03F25}"
EndProject
Project("{FAE04EC0-301F-11D3-BF4B-00C04F79EFBC}") = "InteractiveOverlay", "samples\InteractiveOverlay\InteractiveOverlay.csproj", "{B9B59F64-649E-4B81-BC4F-AF4EA4B84F48}"
EndProject
Project("{FAE04EC0-301F-11D3-BF4B-00C04F79EFBC}") = "ImageAndTextOverlay", "samples\ImageAndTextOverlay\ImageAndTextOverlay.csproj", "{610DC757-BA7C-4956-9BDD-9C7EFC75605B}"
EndProject
Project("{FAE04EC0-301F-11D3-BF4B-00C04F79EFBC}") = "GeometryOverlay", "samples\GeometryOverlay\GeometryOverlay.csproj", "{4AFFA148-DDE5-4B46-B7A0-81625951144C}"
EndProject
Project("{FAE04EC0-301F-11D3-BF4B-00C04F79EFBC}") = "ModernOverlay.Integration", "src\ModernOverlay.Integration\ModernOverlay.Integration.csproj", "{CBE12BDB-FC70-49CB-A2AC-4C6384945E35}"
EndProject
Project("{FAE04EC0-301F-11D3-BF4B-00C04F79EFBC}") = "IpcOverlayDemo", "samples\IpcOverlayDemo\IpcOverlayDemo.csproj", "{1D417119-5335-4BA9-B52D-6317F7658E2C}"
EndProject
Project("{FAE04EC0-301F-11D3-BF4B-00C04F79EFBC}") = "SampleOwnedHost", "samples\SampleOwnedHost\SampleOwnedHost.csproj", "{6FDBCDF8-D449-4371-AEA3-D4F03DFF4D5C}"
EndProject
Project("{FAE04EC0-301F-11D3-BF4B-00C04F79EFBC}") = "ModernOverlay.Integration.Experimental", "src\ModernOverlay.Integration.Experimental\ModernOverlay.Integration.Experimental.csproj", "{73A53F87-7638-46CF-8AB6-389D2B53F9DE}"
EndProject
Project("{FAE04EC0-301F-11D3-BF4B-00C04F79EFBC}") = "ShowcaseOverlay", "samples\ShowcaseOverlay\ShowcaseOverlay.csproj", "{73542FAE-1C07-4A75-8B80-577C0AFCFB25}"
EndProject
Project("{2150E333-8FDC-42A3-9474-1A3956D46DE8}") = "src", "src", "{827E0CD3-B72D-47B6-A68D-7590B98EB39B}"
EndProject
Project("{FAE04EC0-301F-11D3-BF4B-00C04F79EFBC}") = "ModernOverlay.UI", "src\ModernOverlay.UI\ModernOverlay.UI.csproj", "{55D79B5F-CEBE-412B-9CAD-3754241D6D1D}"
EndProject
Global
	GlobalSection(SolutionConfigurationPlatforms) = preSolution
		Debug|Any CPU = Debug|Any CPU
		Debug|x64 = Debug|x64
		Debug|x86 = Debug|x86
		Release|Any CPU = Release|Any CPU
		Release|x64 = Release|x64
		Release|x86 = Release|x86
	EndGlobalSection
	GlobalSection(ProjectConfigurationPlatforms) = postSolution
		{79DB601D-3CC0-49DF-A48F-165B1E1D9FE8}.Debug|Any CPU.ActiveCfg = Debug|Any CPU
		{79DB601D-3CC0-49DF-A48F-165B1E1D9FE8}.Debug|Any CPU.Build.0 = Debug|Any CPU
		{79DB601D-3CC0-49DF-A48F-165B1E1D9FE8}.Debug|x64.ActiveCfg = Debug|Any CPU
		{79DB601D-3CC0-49DF-A48F-165B1E1D9FE8}.Debug|x64.Build.0 = Debug|Any CPU
		{79DB601D-3CC0-49DF-A48F-165B1E1D9FE8}.Debug|x86.ActiveCfg = Debug|Any CPU
		{79DB601D-3CC0-49DF-A48F-165B1E1D9FE8}.Debug|x86.Build.0 = Debug|Any CPU
		{79DB601D-3CC0-49DF-A48F-165B1E1D9FE8}.Release|Any CPU.ActiveCfg = Release|Any CPU
		{79DB601D-3CC0-49DF-A48F-165B1E1D9FE8}.Release|Any CPU.Build.0 = Release|Any CPU
		{79DB601D-3CC0-49DF-A48F-165B1E1D9FE8}.Release|x64.ActiveCfg = Release|Any CPU
		{79DB601D-3CC0-49DF-A48F-165B1E1D9FE8}.Release|x64.Build.0 = Release|Any CPU
		{79DB601D-3CC0-49DF-A48F-165B1E1D9FE8}.Release|x86.ActiveCfg = Release|Any CPU
		{79DB601D-3CC0-49DF-A48F-165B1E1D9FE8}.Release|x86.Build.0 = Release|Any CPU
		{6D9698CB-E5A9-4774-BB48-B09E88A4206F}.Debug|Any CPU.ActiveCfg = Debug|Any CPU
		{6D9698CB-E5A9-4774-BB48-B09E88A4206F}.Debug|Any CPU.Build.0 = Debug|Any CPU
		{6D9698CB-E5A9-4774-BB48-B09E88A4206F}.Debug|x64.ActiveCfg = Debug|Any CPU
		{6D9698CB-E5A9-4774-BB48-B09E88A4206F}.Debug|x64.Build.0 = Debug|Any CPU
		{6D9698CB-E5A9-4774-BB48-B09E88A4206F}.Debug|x86.ActiveCfg = Debug|Any CPU
		{6D9698CB-E5A9-4774-BB48-B09E88A4206F}.Debug|x86.Build.0 = Debug|Any CPU
		{6D9698CB-E5A9-4774-BB48-B09E88A4206F}.Release|Any CPU.ActiveCfg = Release|Any CPU
		{6D9698CB-E5A9-4774-BB48-B09E88A4206F}.Release|Any CPU.Build.0 = Release|Any CPU
		{6D9698CB-E5A9-4774-BB48-B09E88A4206F}.Release|x64.ActiveCfg = Release|Any CPU
		{6D9698CB-E5A9-4774-BB48-B09E88A4206F}.Release|x64.Build.0 = Release|Any CPU
		{6D9698CB-E5A9-4774-BB48-B09E88A4206F}.Release|x86.ActiveCfg = Release|Any CPU
		{6D9698CB-E5A9-4774-BB48-B09E88A4206F}.Release|x86.Build.0 = Release|Any CPU
		{B2D921B8-1C3C-497F-8FC7-51C32A2703F1}.Debug|Any CPU.ActiveCfg = Debug|Any CPU
		{B2D921B8-1C3C-497F-8FC7-51C32A2703F1}.Debug|Any CPU.Build.0 = Debug|Any CPU
		{B2D921B8-1C3C-497F-8FC7-51C32A2703F1}.Debug|x64.ActiveCfg = Debug|Any CPU
		{B2D921B8-1C3C-497F-8FC7-51C32A2703F1}.Debug|x64.Build.0 = Debug|Any CPU
		{B2D921B8-1C3C-497F-8FC7-51C32A2703F1}.Debug|x86.ActiveCfg = Debug|Any CPU
		{B2D921B8-1C3C-497F-8FC7-51C32A2703F1}.Debug|x86.Build.0 = Debug|Any CPU
		{B2D921B8-1C3C-497F-8FC7-51C32A2703F1}.Release|Any CPU.ActiveCfg = Release|Any CPU
		{B2D921B8-1C3C-497F-8FC7-51C32A2703F1}.Release|Any CPU.Build.0 = Release|Any CPU
		{B2D921B8-1C3C-497F-8FC7-51C32A2703F1}.Release|x64.ActiveCfg = Release|Any CPU
		{B2D921B8-1C3C-497F-8FC7-51C32A2703F1}.Release|x64.Build.0 = Release|Any CPU
		{B2D921B8-1C3C-497F-8FC7-51C32A2703F1}.Release|x86.ActiveCfg = Release|Any CPU
		{B2D921B8-1C3C-497F-8FC7-51C32A2703F1}.Release|x86.Build.0 = Release|Any CPU
		{A37E0F0E-7F7B-4F63-9F4B-4F196D635660}.Debug|Any CPU.ActiveCfg = Debug|Any CPU
		{A37E0F0E-7F7B-4F63-9F4B-4F196D635660}.Debug|Any CPU.Build.0 = Debug|Any CPU
		{A37E0F0E-7F7B-4F63-9F4B-4F196D635660}.Debug|x64.ActiveCfg = Debug|Any CPU
		{A37E0F0E-7F7B-4F63-9F4B-4F196D635660}.Debug|x64.Build.0 = Debug|Any CPU
		{A37E0F0E-7F7B-4F63-9F4B-4F196D635660}.Debug|x86.ActiveCfg = Debug|Any CPU
		{A37E0F0E-7F7B-4F63-9F4B-4F196D635660}.Debug|x86.Build.0 = Debug|Any CPU
		{A37E0F0E-7F7B-4F63-9F4B-4F196D635660}.Release|Any CPU.ActiveCfg = Release|Any CPU
		{A37E0F0E-7F7B-4F63-9F4B-4F196D635660}.Release|Any CPU.Build.0 = Release|Any CPU
		{A37E0F0E-7F7B-4F63-9F4B-4F196D635660}.Release|x64.ActiveCfg = Release|Any CPU
		{A37E0F0E-7F7B-4F63-9F4B-4F196D635660}.Release|x64.Build.0 = Release|Any CPU
		{A37E0F0E-7F7B-4F63-9F4B-4F196D635660}.Release|x86.ActiveCfg = Release|Any CPU
		{A37E0F0E-7F7B-4F63-9F4B-4F196D635660}.Release|x86.Build.0 = Release|Any CPU
		{CD7950D7-1F86-4387-9AE2-C433B74036B7}.Debug|Any CPU.ActiveCfg = Debug|Any CPU
		{CD7950D7-1F86-4387-9AE2-C433B74036B7}.Debug|Any CPU.Build.0 = Debug|Any CPU
		{CD7950D7-1F86-4387-9AE2-C433B74036B7}.Debug|x64.ActiveCfg = Debug|Any CPU
		{CD7950D7-1F86-4387-9AE2-C433B74036B7}.Debug|x64.Build.0 = Debug|Any CPU
		{CD7950D7-1F86-4387-9AE2-C433B74036B7}.Debug|x86.ActiveCfg = Debug|Any CPU
		{CD7950D7-1F86-4387-9AE2-C433B74036B7}.Debug|x86.Build.0 = Debug|Any CPU
		{CD7950D7-1F86-4387-9AE2-C433B74036B7}.Release|Any CPU.ActiveCfg = Release|Any CPU
		{CD7950D7-1F86-4387-9AE2-C433B74036B7}.Release|Any CPU.Build.0 = Release|Any CPU
		{CD7950D7-1F86-4387-9AE2-C433B74036B7}.Release|x64.ActiveCfg = Release|Any CPU
		{CD7950D7-1F86-4387-9AE2-C433B74036B7}.Release|x64.Build.0 = Release|Any CPU
		{CD7950D7-1F86-4387-9AE2-C433B74036B7}.Release|x86.ActiveCfg = Release|Any CPU
		{CD7950D7-1F86-4387-9AE2-C433B74036B7}.Release|x86.Build.0 = Release|Any CPU
		{8F95C7A1-069E-46E9-B1CB-D4379BCA2ACD}.Debug|Any CPU.ActiveCfg = Debug|Any CPU
		{8F95C7A1-069E-46E9-B1CB-D4379BCA2ACD}.Debug|Any CPU.Build.0 = Debug|Any CPU
		{8F95C7A1-069E-46E9-B1CB-D4379BCA2ACD}.Debug|x64.ActiveCfg = Debug|Any CPU
		{8F95C7A1-069E-46E9-B1CB-D4379BCA2ACD}.Debug|x64.Build.0 = Debug|Any CPU
		{8F95C7A1-069E-46E9-B1CB-D4379BCA2ACD}.Debug|x86.ActiveCfg = Debug|Any CPU
		{8F95C7A1-069E-46E9-B1CB-D4379BCA2ACD}.Debug|x86.Build.0 = Debug|Any CPU
		{8F95C7A1-069E-46E9-B1CB-D4379BCA2ACD}.Release|Any CPU.ActiveCfg = Release|Any CPU
		{8F95C7A1-069E-46E9-B1CB-D4379BCA2ACD}.Release|Any CPU.Build.0 = Release|Any CPU
		{8F95C7A1-069E-46E9-B1CB-D4379BCA2ACD}.Release|x64.ActiveCfg = Release|Any CPU
		{8F95C7A1-069E-46E9-B1CB-D4379BCA2ACD}.Release|x64.Build.0 = Release|Any CPU
		{8F95C7A1-069E-46E9-B1CB-D4379BCA2ACD}.Release|x86.ActiveCfg = Release|Any CPU
		{8F95C7A1-069E-46E9-B1CB-D4379BCA2ACD}.Release|x86.Build.0 = Release|Any CPU
		{F4C59C03-1AFD-408F-8928-831FD6B3DE06}.Debug|Any CPU.ActiveCfg = Debug|Any CPU
		{F4C59C03-1AFD-408F-8928-831FD6B3DE06}.Debug|Any CPU.Build.0 = Debug|Any CPU
		{F4C59C03-1AFD-408F-8928-831FD6B3DE06}.Debug|x64.ActiveCfg = Debug|Any CPU
		{F4C59C03-1AFD-408F-8928-831FD6B3DE06}.Debug|x64.Build.0 = Debug|Any CPU
		{F4C59C03-1AFD-408F-8928-831FD6B3DE06}.Debug|x86.ActiveCfg = Debug|Any CPU
		{F4C59C03-1AFD-408F-8928-831FD6B3DE06}.Debug|x86.Build.0 = Debug|Any CPU
		{F4C59C03-1AFD-408F-8928-831FD6B3DE06}.Release|Any CPU.ActiveCfg = Release|Any CPU
		{F4C59C03-1AFD-408F-8928-831FD6B3DE06}.Release|Any CPU.Build.0 = Release|Any CPU
		{F4C59C03-1AFD-408F-8928-831FD6B3DE06}.Release|x64.ActiveCfg = Release|Any CPU
		{F4C59C03-1AFD-408F-8928-831FD6B3DE06}.Release|x64.Build.0 = Release|Any CPU
		{F4C59C03-1AFD-408F-8928-831FD6B3DE06}.Release|x86.ActiveCfg = Release|Any CPU
		{F4C59C03-1AFD-408F-8928-831FD6B3DE06}.Release|x86.Build.0 = Release|Any CPU
		{D2D16B6A-2DDF-4D42-98D5-F9940785E11E}.Debug|Any CPU.ActiveCfg = Debug|Any CPU
		{D2D16B6A-2DDF-4D42-98D5-F9940785E11E}.Debug|Any CPU.Build.0 = Debug|Any CPU
		{D2D16B6A-2DDF-4D42-98D5-F9940785E11E}.Debug|x64.ActiveCfg = Debug|Any CPU
		{D2D16B6A-2DDF-4D42-98D5-F9940785E11E}.Debug|x64.Build.0 = Debug|Any CPU
		{D2D16B6A-2DDF-4D42-98D5-F9940785E11E}.Debug|x86.ActiveCfg = Debug|Any CPU
		{D2D16B6A-2DDF-4D42-98D5-F9940785E11E}.Debug|x86.Build.0 = Debug|Any CPU
		{D2D16B6A-2DDF-4D42-98D5-F9940785E11E}.Release|Any CPU.ActiveCfg = Release|Any CPU
		{D2D16B6A-2DDF-4D42-98D5-F9940785E11E}.Release|Any CPU.Build.0 = Release|Any CPU
		{D2D16B6A-2DDF-4D42-98D5-F9940785E11E}.Release|x64.ActiveCfg = Release|Any CPU
		{D2D16B6A-2DDF-4D42-98D5-F9940785E11E}.Release|x64.Build.0 = Release|Any CPU
		{D2D16B6A-2DDF-4D42-98D5-F9940785E11E}.Release|x86.ActiveCfg = Release|Any CPU
		{D2D16B6A-2DDF-4D42-98D5-F9940785E11E}.Release|x86.Build.0 = Release|Any CPU
		{4AB5543F-5F7E-49E1-AC04-9DC8528CD0C6}.Debug|Any CPU.ActiveCfg = Debug|Any CPU
		{4AB5543F-5F7E-49E1-AC04-9DC8528CD0C6}.Debug|Any CPU.Build.0 = Debug|Any CPU
		{4AB5543F-5F7E-49E1-AC04-9DC8528CD0C6}.Debug|x64.ActiveCfg = Debug|Any CPU
		{4AB5543F-5F7E-49E1-AC04-9DC8528CD0C6}.Debug|x64.Build.0 = Debug|Any CPU
		{4AB5543F-5F7E-49E1-AC04-9DC8528CD0C6}.Debug|x86.ActiveCfg = Debug|Any CPU
		{4AB5543F-5F7E-49E1-AC04-9DC8528CD0C6}.Debug|x86.Build.0 = Debug|Any CPU
		{4AB5543F-5F7E-49E1-AC04-9DC8528CD0C6}.Release|Any CPU.ActiveCfg = Release|Any CPU
		{4AB5543F-5F7E-49E1-AC04-9DC8528CD0C6}.Release|Any CPU.Build.0 = Release|Any CPU
		{4AB5543F-5F7E-49E1-AC04-9DC8528CD0C6}.Release|x64.ActiveCfg = Release|Any CPU
		{4AB5543F-5F7E-49E1-AC04-9DC8528CD0C6}.Release|x64.Build.0 = Release|Any CPU
		{4AB5543F-5F7E-49E1-AC04-9DC8528CD0C6}.Release|x86.ActiveCfg = Release|Any CPU
		{4AB5543F-5F7E-49E1-AC04-9DC8528CD0C6}.Release|x86.Build.0 = Release|Any CPU
		{69DAA0C1-831D-4AF3-91E8-AC48E16A8333}.Debug|Any CPU.ActiveCfg = Debug|Any CPU
		{69DAA0C1-831D-4AF3-91E8-AC48E16A8333}.Debug|Any CPU.Build.0 = Debug|Any CPU
		{69DAA0C1-831D-4AF3-91E8-AC48E16A8333}.Debug|x64.ActiveCfg = Debug|Any CPU
		{69DAA0C1-831D-4AF3-91E8-AC48E16A8333}.Debug|x64.Build.0 = Debug|Any CPU
		{69DAA0C1-831D-4AF3-91E8-AC48E16A8333}.Debug|x86.ActiveCfg = Debug|Any CPU
		{69DAA0C1-831D-4AF3-91E8-AC48E16A8333}.Debug|x86.Build.0 = Debug|Any CPU
		{69DAA0C1-831D-4AF3-91E8-AC48E16A8333}.Release|Any CPU.ActiveCfg = Release|Any CPU
		{69DAA0C1-831D-4AF3-91E8-AC48E16A8333}.Release|Any CPU.Build.0 = Release|Any CPU
		{69DAA0C1-831D-4AF3-91E8-AC48E16A8333}.Release|x64.ActiveCfg = Release|Any CPU
		{69DAA0C1-831D-4AF3-91E8-AC48E16A8333}.Release|x64.Build.0 = Release|Any CPU
		{69DAA0C1-831D-4AF3-91E8-AC48E16A8333}.Release|x86.ActiveCfg = Release|Any CPU
		{69DAA0C1-831D-4AF3-91E8-AC48E16A8333}.Release|x86.Build.0 = Release|Any CPU
		{2E0DD396-37A2-4B9D-9B9F-45DB0669B3E8}.Debug|Any CPU.ActiveCfg = Debug|Any CPU
		{2E0DD396-37A2-4B9D-9B9F-45DB0669B3E8}.Debug|Any CPU.Build.0 = Debug|Any CPU
		{2E0DD396-37A2-4B9D-9B9F-45DB0669B3E8}.Debug|x64.ActiveCfg = Debug|Any CPU
		{2E0DD396-37A2-4B9D-9B9F-45DB0669B3E8}.Debug|x64.Build.0 = Debug|Any CPU
		{2E0DD396-37A2-4B9D-9B9F-45DB0669B3E8}.Debug|x86.ActiveCfg = Debug|Any CPU
		{2E0DD396-37A2-4B9D-9B9F-45DB0669B3E8}.Debug|x86.Build.0 = Debug|Any CPU
		{2E0DD396-37A2-4B9D-9B9F-45DB0669B3E8}.Release|Any CPU.ActiveCfg = Release|Any CPU
		{2E0DD396-37A2-4B9D-9B9F-45DB0669B3E8}.Release|Any CPU.Build.0 = Release|Any CPU
		{2E0DD396-37A2-4B9D-9B9F-45DB0669B3E8}.Release|x64.ActiveCfg = Release|Any CPU
		{2E0DD396-37A2-4B9D-9B9F-45DB0669B3E8}.Release|x64.Build.0 = Release|Any CPU
		{2E0DD396-37A2-4B9D-9B9F-45DB0669B3E8}.Release|x86.ActiveCfg = Release|Any CPU
		{2E0DD396-37A2-4B9D-9B9F-45DB0669B3E8}.Release|x86.Build.0 = Release|Any CPU
		{77196EF2-F1F8-4A76-9C60-D705F8EF2A64}.Debug|Any CPU.ActiveCfg = Debug|Any CPU
		{77196EF2-F1F8-4A76-9C60-D705F8EF2A64}.Debug|Any CPU.Build.0 = Debug|Any CPU
		{77196EF2-F1F8-4A76-9C60-D705F8EF2A64}.Debug|x64.ActiveCfg = Debug|Any CPU
		{77196EF2-F1F8-4A76-9C60-D705F8EF2A64}.Debug|x64.Build.0 = Debug|Any CPU
		{77196EF2-F1F8-4A76-9C60-D705F8EF2A64}.Debug|x86.ActiveCfg = Debug|Any CPU
		{77196EF2-F1F8-4A76-9C60-D705F8EF2A64}.Debug|x86.Build.0 = Debug|Any CPU
		{77196EF2-F1F8-4A76-9C60-D705F8EF2A64}.Release|Any CPU.ActiveCfg = Release|Any CPU
		{77196EF2-F1F8-4A76-9C60-D705F8EF2A64}.Release|Any CPU.Build.0 = Release|Any CPU
		{77196EF2-F1F8-4A76-9C60-D705F8EF2A64}.Release|x64.ActiveCfg = Release|Any CPU
		{77196EF2-F1F8-4A76-9C60-D705F8EF2A64}.Release|x64.Build.0 = Release|Any CPU
		{77196EF2-F1F8-4A76-9C60-D705F8EF2A64}.Release|x86.ActiveCfg = Release|Any CPU
		{77196EF2-F1F8-4A76-9C60-D705F8EF2A64}.Release|x86.Build.0 = Release|Any CPU
		{6B015459-AA65-49A8-8B7F-1C8CBCA9B09A}.Debug|Any CPU.ActiveCfg = Debug|Any CPU
		{6B015459-AA65-49A8-8B7F-1C8CBCA9B09A}.Debug|Any CPU.Build.0 = Debug|Any CPU
		{6B015459-AA65-49A8-8B7F-1C8CBCA9B09A}.Debug|x64.ActiveCfg = Debug|Any CPU
		{6B015459-AA65-49A8-8B7F-1C8CBCA9B09A}.Debug|x64.Build.0 = Debug|Any CPU
		{6B015459-AA65-49A8-8B7F-1C8CBCA9B09A}.Debug|x86.ActiveCfg = Debug|Any CPU
		{6B015459-AA65-49A8-8B7F-1C8CBCA9B09A}.Debug|x86.Build.0 = Debug|Any CPU
		{6B015459-AA65-49A8-8B7F-1C8CBCA9B09A}.Release|Any CPU.ActiveCfg = Release|Any CPU
		{6B015459-AA65-49A8-8B7F-1C8CBCA9B09A}.Release|Any CPU.Build.0 = Release|Any CPU
		{6B015459-AA65-49A8-8B7F-1C8CBCA9B09A}.Release|x64.ActiveCfg = Release|Any CPU
		{6B015459-AA65-49A8-8B7F-1C8CBCA9B09A}.Release|x64.Build.0 = Release|Any CPU
		{6B015459-AA65-49A8-8B7F-1C8CBCA9B09A}.Release|x86.ActiveCfg = Release|Any CPU
		{6B015459-AA65-49A8-8B7F-1C8CBCA9B09A}.Release|x86.Build.0 = Release|Any CPU
		{DB862A14-80EF-46F3-AAA7-39DF29B4A8BF}.Debug|Any CPU.ActiveCfg = Debug|Any CPU
		{DB862A14-80EF-46F3-AAA7-39DF29B4A8BF}.Debug|Any CPU.Build.0 = Debug|Any CPU
		{DB862A14-80EF-46F3-AAA7-39DF29B4A8BF}.Debug|x64.ActiveCfg = Debug|Any CPU
		{DB862A14-80EF-46F3-AAA7-39DF29B4A8BF}.Debug|x64.Build.0 = Debug|Any CPU
		{DB862A14-80EF-46F3-AAA7-39DF29B4A8BF}.Debug|x86.ActiveCfg = Debug|Any CPU
		{DB862A14-80EF-46F3-AAA7-39DF29B4A8BF}.Debug|x86.Build.0 = Debug|Any CPU
		{DB862A14-80EF-46F3-AAA7-39DF29B4A8BF}.Release|Any CPU.ActiveCfg = Release|Any CPU
		{DB862A14-80EF-46F3-AAA7-39DF29B4A8BF}.Release|Any CPU.Build.0 = Release|Any CPU
		{DB862A14-80EF-46F3-AAA7-39DF29B4A8BF}.Release|x64.ActiveCfg = Release|Any CPU
		{DB862A14-80EF-46F3-AAA7-39DF29B4A8BF}.Release|x64.Build.0 = Release|Any CPU
		{DB862A14-80EF-46F3-AAA7-39DF29B4A8BF}.Release|x86.ActiveCfg = Release|Any CPU
		{DB862A14-80EF-46F3-AAA7-39DF29B4A8BF}.Release|x86.Build.0 = Release|Any CPU
		{31580B80-87CE-4D43-A15A-08B650AE2E26}.Debug|Any CPU.ActiveCfg = Debug|Any CPU
		{31580B80-87CE-4D43-A15A-08B650AE2E26}.Debug|Any CPU.Build.0 = Debug|Any CPU
		{31580B80-87CE-4D43-A15A-08B650AE2E26}.Debug|x64.ActiveCfg = Debug|Any CPU
		{31580B80-87CE-4D43-A15A-08B650AE2E26}.Debug|x64.Build.0 = Debug|Any CPU
		{31580B80-87CE-4D43-A15A-08B650AE2E26}.Debug|x86.ActiveCfg = Debug|Any CPU
		{31580B80-87CE-4D43-A15A-08B650AE2E26}.Debug|x86.Build.0 = Debug|Any CPU
		{31580B80-87CE-4D43-A15A-08B650AE2E26}.Release|Any CPU.ActiveCfg = Release|Any CPU
		{31580B80-87CE-4D43-A15A-08B650AE2E26}.Release|Any CPU.Build.0 = Release|Any CPU
		{31580B80-87CE-4D43-A15A-08B650AE2E26}.Release|x64.ActiveCfg = Release|Any CPU
		{31580B80-87CE-4D43-A15A-08B650AE2E26}.Release|x64.Build.0 = Release|Any CPU
		{31580B80-87CE-4D43-A15A-08B650AE2E26}.Release|x86.ActiveCfg = Release|Any CPU
		{31580B80-87CE-4D43-A15A-08B650AE2E26}.Release|x86.Build.0 = Release|Any CPU
		{6839B032-19F5-4D84-9A49-397AEAB03F25}.Debug|Any CPU.ActiveCfg = Debug|Any CPU
		{6839B032-19F5-4D84-9A49-397AEAB03F25}.Debug|Any CPU.Build.0 = Debug|Any CPU
		{6839B032-19F5-4D84-9A49-397AEAB03F25}.Debug|x64.ActiveCfg = Debug|Any CPU
		{6839B032-19F5-4D84-9A49-397AEAB03F25}.Debug|x64.Build.0 = Debug|Any CPU
		{6839B032-19F5-4D84-9A49-397AEAB03F25}.Debug|x86.ActiveCfg = Debug|Any CPU
		{6839B032-19F5-4D84-9A49-397AEAB03F25}.Debug|x86.Build.0 = Debug|Any CPU
		{6839B032-19F5-4D84-9A49-397AEAB03F25}.Release|Any CPU.ActiveCfg = Release|Any CPU
		{6839B032-19F5-4D84-9A49-397AEAB03F25}.Release|Any CPU.Build.0 = Release|Any CPU
		{6839B032-19F5-4D84-9A49-397AEAB03F25}.Release|x64.ActiveCfg = Release|Any CPU
		{6839B032-19F5-4D84-9A49-397AEAB03F25}.Release|x64.Build.0 = Release|Any CPU
		{6839B032-19F5-4D84-9A49-397AEAB03F25}.Release|x86.ActiveCfg = Release|Any CPU
		{6839B032-19F5-4D84-9A49-397AEAB03F25}.Release|x86.Build.0 = Release|Any CPU
		{B9B59F64-649E-4B81-BC4F-AF4EA4B84F48}.Debug|Any CPU.ActiveCfg = Debug|Any CPU
		{B9B59F64-649E-4B81-BC4F-AF4EA4B84F48}.Debug|Any CPU.Build.0 = Debug|Any CPU
		{B9B59F64-649E-4B81-BC4F-AF4EA4B84F48}.Debug|x64.ActiveCfg = Debug|Any CPU
		{B9B59F64-649E-4B81-BC4F-AF4EA4B84F48}.Debug|x64.Build.0 = Debug|Any CPU
		{B9B59F64-649E-4B81-BC4F-AF4EA4B84F48}.Debug|x86.ActiveCfg = Debug|Any CPU
		{B9B59F64-649E-4B81-BC4F-AF4EA4B84F48}.Debug|x86.Build.0 = Debug|Any CPU
		{B9B59F64-649E-4B81-BC4F-AF4EA4B84F48}.Release|Any CPU.ActiveCfg = Release|Any CPU
		{B9B59F64-649E-4B81-BC4F-AF4EA4B84F48}.Release|Any CPU.Build.0 = Release|Any CPU
		{B9B59F64-649E-4B81-BC4F-AF4EA4B84F48}.Release|x64.ActiveCfg = Release|Any CPU
		{B9B59F64-649E-4B81-BC4F-AF4EA4B84F48}.Release|x64.Build.0 = Release|Any CPU
		{B9B59F64-649E-4B81-BC4F-AF4EA4B84F48}.Release|x86.ActiveCfg = Release|Any CPU
		{B9B59F64-649E-4B81-BC4F-AF4EA4B84F48}.Release|x86.Build.0 = Release|Any CPU
		{610DC757-BA7C-4956-9BDD-9C7EFC75605B}.Debug|Any CPU.ActiveCfg = Debug|Any CPU
		{610DC757-BA7C-4956-9BDD-9C7EFC75605B}.Debug|Any CPU.Build.0 = Debug|Any CPU
		{610DC757-BA7C-4956-9BDD-9C7EFC75605B}.Debug|x64.ActiveCfg = Debug|Any CPU
		{610DC757-BA7C-4956-9BDD-9C7EFC75605B}.Debug|x64.Build.0 = Debug|Any CPU
		{610DC757-BA7C-4956-9BDD-9C7EFC75605B}.Debug|x86.ActiveCfg = Debug|Any CPU
		{610DC757-BA7C-4956-9BDD-9C7EFC75605B}.Debug|x86.Build.0 = Debug|Any CPU
		{610DC757-BA7C-4956-9BDD-9C7EFC75605B}.Release|Any CPU.ActiveCfg = Release|Any CPU
		{610DC757-BA7C-4956-9BDD-9C7EFC75605B}.Release|Any CPU.Build.0 = Release|Any CPU
		{610DC757-BA7C-4956-9BDD-9C7EFC75605B}.Release|x64.ActiveCfg = Release|Any CPU
		{610DC757-BA7C-4956-9BDD-9C7EFC75605B}.Release|x64.Build.0 = Release|Any CPU
		{610DC757-BA7C-4956-9BDD-9C7EFC75605B}.Release|x86.ActiveCfg = Release|Any CPU
		{610DC757-BA7C-4956-9BDD-9C7EFC75605B}.Release|x86.Build.0 = Release|Any CPU
		{4AFFA148-DDE5-4B46-B7A0-81625951144C}.Debug|Any CPU.ActiveCfg = Debug|Any CPU
		{4AFFA148-DDE5-4B46-B7A0-81625951144C}.Debug|Any CPU.Build.0 = Debug|Any CPU
		{4AFFA148-DDE5-4B46-B7A0-81625951144C}.Debug|x64.ActiveCfg = Debug|Any CPU
		{4AFFA148-DDE5-4B46-B7A0-81625951144C}.Debug|x64.Build.0 = Debug|Any CPU
		{4AFFA148-DDE5-4B46-B7A0-81625951144C}.Debug|x86.ActiveCfg = Debug|Any CPU
		{4AFFA148-DDE5-4B46-B7A0-81625951144C}.Debug|x86.Build.0 = Debug|Any CPU
		{4AFFA148-DDE5-4B46-B7A0-81625951144C}.Release|Any CPU.ActiveCfg = Release|Any CPU
		{4AFFA148-DDE5-4B46-B7A0-81625951144C}.Release|Any CPU.Build.0 = Release|Any CPU
		{4AFFA148-DDE5-4B46-B7A0-81625951144C}.Release|x64.ActiveCfg = Release|Any CPU
		{4AFFA148-DDE5-4B46-B7A0-81625951144C}.Release|x64.Build.0 = Release|Any CPU
		{4AFFA148-DDE5-4B46-B7A0-81625951144C}.Release|x86.ActiveCfg = Release|Any CPU
		{4AFFA148-DDE5-4B46-B7A0-81625951144C}.Release|x86.Build.0 = Release|Any CPU
		{CBE12BDB-FC70-49CB-A2AC-4C6384945E35}.Debug|Any CPU.ActiveCfg = Debug|Any CPU
		{CBE12BDB-FC70-49CB-A2AC-4C6384945E35}.Debug|Any CPU.Build.0 = Debug|Any CPU
		{CBE12BDB-FC70-49CB-A2AC-4C6384945E35}.Debug|x64.ActiveCfg = Debug|Any CPU
		{CBE12BDB-FC70-49CB-A2AC-4C6384945E35}.Debug|x64.Build.0 = Debug|Any CPU
		{CBE12BDB-FC70-49CB-A2AC-4C6384945E35}.Debug|x86.ActiveCfg = Debug|Any CPU
		{CBE12BDB-FC70-49CB-A2AC-4C6384945E35}.Debug|x86.Build.0 = Debug|Any CPU
		{CBE12BDB-FC70-49CB-A2AC-4C6384945E35}.Release|Any CPU.ActiveCfg = Release|Any CPU
		{CBE12BDB-FC70-49CB-A2AC-4C6384945E35}.Release|Any CPU.Build.0 = Release|Any CPU
		{CBE12BDB-FC70-49CB-A2AC-4C6384945E35}.Release|x64.ActiveCfg = Release|Any CPU
		{CBE12BDB-FC70-49CB-A2AC-4C6384945E35}.Release|x64.Build.0 = Release|Any CPU
		{CBE12BDB-FC70-49CB-A2AC-4C6384945E35}.Release|x86.ActiveCfg = Release|Any CPU
		{CBE12BDB-FC70-49CB-A2AC-4C6384945E35}.Release|x86.Build.0 = Release|Any CPU
		{1D417119-5335-4BA9-B52D-6317F7658E2C}.Debug|Any CPU.ActiveCfg = Debug|Any CPU
		{1D417119-5335-4BA9-B52D-6317F7658E2C}.Debug|Any CPU.Build.0 = Debug|Any CPU
		{1D417119-5335-4BA9-B52D-6317F7658E2C}.Debug|x64.ActiveCfg = Debug|Any CPU
		{1D417119-5335-4BA9-B52D-6317F7658E2C}.Debug|x64.Build.0 = Debug|Any CPU
		{1D417119-5335-4BA9-B52D-6317F7658E2C}.Debug|x86.ActiveCfg = Debug|Any CPU
		{1D417119-5335-4BA9-B52D-6317F7658E2C}.Debug|x86.Build.0 = Debug|Any CPU
		{1D417119-5335-4BA9-B52D-6317F7658E2C}.Release|Any CPU.ActiveCfg = Release|Any CPU
		{1D417119-5335-4BA9-B52D-6317F7658E2C}.Release|Any CPU.Build.0 = Release|Any CPU
		{1D417119-5335-4BA9-B52D-6317F7658E2C}.Release|x64.ActiveCfg = Release|Any CPU
		{1D417119-5335-4BA9-B52D-6317F7658E2C}.Release|x64.Build.0 = Release|Any CPU
		{1D417119-5335-4BA9-B52D-6317F7658E2C}.Release|x86.ActiveCfg = Release|Any CPU
		{1D417119-5335-4BA9-B52D-6317F7658E2C}.Release|x86.Build.0 = Release|Any CPU
		{6FDBCDF8-D449-4371-AEA3-D4F03DFF4D5C}.Debug|Any CPU.ActiveCfg = Debug|Any CPU
		{6FDBCDF8-D449-4371-AEA3-D4F03DFF4D5C}.Debug|Any CPU.Build.0 = Debug|Any CPU
		{6FDBCDF8-D449-4371-AEA3-D4F03DFF4D5C}.Debug|x64.ActiveCfg = Debug|Any CPU
		{6FDBCDF8-D449-4371-AEA3-D4F03DFF4D5C}.Debug|x64.Build.0 = Debug|Any CPU
		{6FDBCDF8-D449-4371-AEA3-D4F03DFF4D5C}.Debug|x86.ActiveCfg = Debug|Any CPU
		{6FDBCDF8-D449-4371-AEA3-D4F03DFF4D5C}.Debug|x86.Build.0 = Debug|Any CPU
		{6FDBCDF8-D449-4371-AEA3-D4F03DFF4D5C}.Release|Any CPU.ActiveCfg = Release|Any CPU
		{6FDBCDF8-D449-4371-AEA3-D4F03DFF4D5C}.Release|Any CPU.Build.0 = Release|Any CPU
		{6FDBCDF8-D449-4371-AEA3-D4F03DFF4D5C}.Release|x64.ActiveCfg = Release|Any CPU
		{6FDBCDF8-D449-4371-AEA3-D4F03DFF4D5C}.Release|x64.Build.0 = Release|Any CPU
		{6FDBCDF8-D449-4371-AEA3-D4F03DFF4D5C}.Release|x86.ActiveCfg = Release|Any CPU
		{6FDBCDF8-D449-4371-AEA3-D4F03DFF4D5C}.Release|x86.Build.0 = Release|Any CPU
		{73A53F87-7638-46CF-8AB6-389D2B53F9DE}.Debug|Any CPU.ActiveCfg = Debug|Any CPU
		{73A53F87-7638-46CF-8AB6-389D2B53F9DE}.Debug|Any CPU.Build.0 = Debug|Any CPU
		{73A53F87-7638-46CF-8AB6-389D2B53F9DE}.Debug|x64.ActiveCfg = Debug|Any CPU
		{73A53F87-7638-46CF-8AB6-389D2B53F9DE}.Debug|x64.Build.0 = Debug|Any CPU
		{73A53F87-7638-46CF-8AB6-389D2B53F9DE}.Debug|x86.ActiveCfg = Debug|Any CPU
		{73A53F87-7638-46CF-8AB6-389D2B53F9DE}.Debug|x86.Build.0 = Debug|Any CPU
		{73A53F87-7638-46CF-8AB6-389D2B53F9DE}.Release|Any CPU.ActiveCfg = Release|Any CPU
		{73A53F87-7638-46CF-8AB6-389D2B53F9DE}.Release|Any CPU.Build.0 = Release|Any CPU
		{73A53F87-7638-46CF-8AB6-389D2B53F9DE}.Release|x64.ActiveCfg = Release|Any CPU
		{73A53F87-7638-46CF-8AB6-389D2B53F9DE}.Release|x64.Build.0 = Release|Any CPU
		{73A53F87-7638-46CF-8AB6-389D2B53F9DE}.Release|x86.ActiveCfg = Release|Any CPU
		{73A53F87-7638-46CF-8AB6-389D2B53F9DE}.Release|x86.Build.0 = Release|Any CPU
		{73542FAE-1C07-4A75-8B80-577C0AFCFB25}.Debug|Any CPU.ActiveCfg = Debug|Any CPU
		{73542FAE-1C07-4A75-8B80-577C0AFCFB25}.Debug|Any CPU.Build.0 = Debug|Any CPU
		{73542FAE-1C07-4A75-8B80-577C0AFCFB25}.Debug|x64.ActiveCfg = Debug|Any CPU
		{73542FAE-1C07-4A75-8B80-577C0AFCFB25}.Debug|x64.Build.0 = Debug|Any CPU
		{73542FAE-1C07-4A75-8B80-577C0AFCFB25}.Debug|x86.ActiveCfg = Debug|Any CPU
		{73542FAE-1C07-4A75-8B80-577C0AFCFB25}.Debug|x86.Build.0 = Debug|Any CPU
		{73542FAE-1C07-4A75-8B80-577C0AFCFB25}.Release|Any CPU.ActiveCfg = Release|Any CPU
		{73542FAE-1C07-4A75-8B80-577C0AFCFB25}.Release|Any CPU.Build.0 = Release|Any CPU
		{73542FAE-1C07-4A75-8B80-577C0AFCFB25}.Release|x64.ActiveCfg = Release|Any CPU
		{73542FAE-1C07-4A75-8B80-577C0AFCFB25}.Release|x64.Build.0 = Release|Any CPU
		{73542FAE-1C07-4A75-8B80-577C0AFCFB25}.Release|x86.ActiveCfg = Release|Any CPU
		{73542FAE-1C07-4A75-8B80-577C0AFCFB25}.Release|x86.Build.0 = Release|Any CPU
		{55D79B5F-CEBE-412B-9CAD-3754241D6D1D}.Debug|Any CPU.ActiveCfg = Debug|Any CPU
		{55D79B5F-CEBE-412B-9CAD-3754241D6D1D}.Debug|Any CPU.Build.0 = Debug|Any CPU
		{55D79B5F-CEBE-412B-9CAD-3754241D6D1D}.Debug|x64.ActiveCfg = Debug|Any CPU
		{55D79B5F-CEBE-412B-9CAD-3754241D6D1D}.Debug|x64.Build.0 = Debug|Any CPU
		{55D79B5F-CEBE-412B-9CAD-3754241D6D1D}.Debug|x86.ActiveCfg = Debug|Any CPU
		{55D79B5F-CEBE-412B-9CAD-3754241D6D1D}.Debug|x86.Build.0 = Debug|Any CPU
		{55D79B5F-CEBE-412B-9CAD-3754241D6D1D}.Release|Any CPU.ActiveCfg = Release|Any CPU
		{55D79B5F-CEBE-412B-9CAD-3754241D6D1D}.Release|Any CPU.Build.0 = Release|Any CPU
		{55D79B5F-CEBE-412B-9CAD-3754241D6D1D}.Release|x64.ActiveCfg = Release|Any CPU
		{55D79B5F-CEBE-412B-9CAD-3754241D6D1D}.Release|x64.Build.0 = Release|Any CPU
		{55D79B5F-CEBE-412B-9CAD-3754241D6D1D}.Release|x86.ActiveCfg = Release|Any CPU
		{55D79B5F-CEBE-412B-9CAD-3754241D6D1D}.Release|x86.Build.0 = Release|Any CPU
	EndGlobalSection
	GlobalSection(SolutionProperties) = preSolution
		HideSolutionNode = FALSE
	EndGlobalSection
	GlobalSection(NestedProjects) = preSolution
		{55D79B5F-CEBE-412B-9CAD-3754241D6D1D} = {827E0CD3-B72D-47B6-A68D-7590B98EB39B}
	EndGlobalSection
EndGlobal
